
Microsoft Visual Studio Solution File, Format Version 12.00
# Visual Studio Version 17
VisualStudioVersion = 17.5.33414.496
MinimumVisualStudioVersion = 10.0.40219.1
Project("{FAE04EC0-301F-11D3-BF4B-00C04F79EFBC}") = "Write_Erase", "Write_Erase\Write_Erase.csproj", "{D8B60F16-71D4-4571-80A9-94904BC84331}"
EndProject
Global
	GlobalSection(SolutionConfigurationPlatforms) = preSolution
		Debug|Any CPU = Debug|Any CPU
		Release|Any CPU = Release|Any CPU
	EndGlobalSection
	GlobalSection(ProjectConfigurationPlatforms) = postSolution
		{D8B60F16-71D4-4571-80A9-94904BC84331}.Debug|Any CPU.ActiveCfg = Debug|Any CPU
		{D8B60F16-71D4-4571-80A9-94904BC84331}.Debug|Any CPU.Build.0 = Debug|Any CPU
		{D8B60F16-71D4-4571-80A9-94904BC84331}.Release|Any CPU.ActiveCfg = Release|Any CPU
		{D8B60F16-71D4-4571-80A9-94904BC84331}.Release|Any CPU.Build.0 = Release|Any CPU
	EndGlobalSection
	GlobalSection(SolutionProperties) = preSolution
		HideSolutionNode = FALSE
	EndGlobalSection
	GlobalSection(ExtensibilityGlobals) = postSolution
		SolutionGuid = {8225AE6E-5970-44DC-9FB7-F155A6F61753}
	EndGlobalSection
EndGlobal
